// !$*UTF8*$!
{
	archiveVersion = 1;
	classes = {
	};
	objectVersion = 56;
	objects = {

/* Begin PBXBuildFile section */
		7B4148242935CCFE009382DC /* ObjectsData.swift in Sources */ = {isa = PBXBuildFile; fileRef = 7B4148232935CCFE009382DC /* ObjectsData.swift */; };
		7B7B66E6292E53EA00AFC53E /* main.swift in Sources */ = {isa = PBXBuildFile; fileRef = 7B7B66E5292E53EA00AFC53E /* main.swift */; };
		7B7B66EE292E541300AFC53E /* Naming.swift in Sources */ = {isa = PBXBuildFile; fileRef = 7B7B66ED292E541300AFC53E /* Naming.swift */; };
		7B7CB290292F497B005E5A0D /* Function.swift in Sources */ = {isa = PBXBuildFile; fileRef = 7B7CB28F292F497B005E5A0D /* Function.swift */; };
		7B7CB294292F676B005E5A0D /* Employee.swift in Sources */ = {isa = PBXBuildFile; fileRef = 7B7CB293292F676B005E5A0D /* Employee.swift */; };
/* End PBXBuildFile section */

/* Begin PBXCopyFilesBuildPhase section */
		7B7B66E0292E53EA00AFC53E /* CopyFiles */ = {
			isa = PBXCopyFilesBuildPhase;
			buildActionMask = 2147483647;
			dstPath = /usr/share/man/man1/;
			dstSubfolderSpec = 0;
			files = (
			);
			runOnlyForDeploymentPostprocessing = 1;
		};
/* End PBXCopyFilesBuildPhase section */

/* Begin PBXFileReference section */
		7B4148232935CCFE009382DC /* ObjectsData.swift */ = {isa = PBXFileReference; lastKnownFileType = sourcecode.swift; path = ObjectsData.swift; sourceTree = "<group>"; };
		7B7B66E2292E53EA00AFC53E /* CleanCodeSwift */ = {isa = PBXFileReference; explicitFileType = "compiled.mach-o.executable"; includeInIndex = 0; path = CleanCodeSwift; sourceTree = BUILT_PRODUCTS_DIR; };
		7B7B66E5292E53EA00AFC53E /* main.swift */ = {isa = PBXFileReference; lastKnownFileType = sourcecode.swift; path = main.swift; sourceTree = "<group>"; };
		7B7B66ED292E541300AFC53E /* Naming.swift */ = {isa = PBXFileReference; lastKnownFileType = sourcecode.swift; path = Naming.swift; sourceTree = "<group>"; };
		7B7CB28F292F497B005E5A0D /* Function.swift */ = {isa = PBXFileReference; lastKnownFileType = sourcecode.swift; path = Function.swift; sourceTree = "<group>"; };
		7B7CB293292F676B005E5A0D /* Employee.swift */ = {isa = PBXFileReference; lastKnownFileType = sourcecode.swift; path = Employee.swift; sourceTree = "<group>"; };
/* End PBXFileReference section */

/* Begin PBXFrameworksBuildPhase section */
		7B7B66DF292E53EA00AFC53E /* Frameworks */ = {
			isa = PBXFrameworksBuildPhase;
			buildActionMask = 2147483647;
			files = (
			);
			runOnlyForDeploymentPostprocessing = 0;
		};
/* End PBXFrameworksBuildPhase section */

/* Begin PBXGroup section */
		7B4148222935C1A9009382DC /* ObjectsDataStructures */ = {
			isa = PBXGroup;
			children = (
				7B4148232935CCFE009382DC /* ObjectsData.swift */,
			);
			path = ObjectsDataStructures;
			sourceTree = "<group>";
		};
		7B7B66D9292E53EA00AFC53E = {
			isa = PBXGroup;
			children = (
				7B7B66E4292E53EA00AFC53E /* CleanCodeSwift */,
				7B7B66E3292E53EA00AFC53E /* Products */,
			);
			sourceTree = "<group>";
		};
		7B7B66E3292E53EA00AFC53E /* Products */ = {
			isa = PBXGroup;
			children = (
				7B7B66E2292E53EA00AFC53E /* CleanCodeSwift */,
			);
			name = Products;
			sourceTree = "<group>";
		};
		7B7B66E4292E53EA00AFC53E /* CleanCodeSwift */ = {
			isa = PBXGroup;
			children = (
				7B4148222935C1A9009382DC /* ObjectsDataStructures */,
				7B7CB292292F674F005E5A0D /* Function */,
				7B7CB291292F6747005E5A0D /* Naming */,
				7B7B66E5292E53EA00AFC53E /* main.swift */,
			);
			path = CleanCodeSwift;
			sourceTree = "<group>";
		};
		7B7CB291292F6747005E5A0D /* Naming */ = {
			isa = PBXGroup;
			children = (
				7B7B66ED292E541300AFC53E /* Naming.swift */,
			);
			path = Naming;
			sourceTree = "<group>";
		};
		7B7CB292292F674F005E5A0D /* Function */ = {
			isa = PBXGroup;
			children = (
				7B7CB28F292F497B005E5A0D /* Function.swift */,
				7B7CB293292F676B005E5A0D /* Employee.swift */,
			);
			path = Function;
			sourceTree = "<group>";
		};
/* End PBXGroup section */

/* Begin PBXNativeTarget section */
		7B7B66E1292E53EA00AFC53E /* CleanCodeSwift */ = {
			isa = PBXNativeTarget;
			buildConfigurationList = 7B7B66E9292E53EA00AFC53E /* Build configuration list for PBXNativeTarget "CleanCodeSwift" */;
			buildPhases = (
				7B7B66DE292E53EA00AFC53E /* Sources */,
				7B7B66DF292E53EA00AFC53E /* Frameworks */,
				7B7B66E0292E53EA00AFC53E /* CopyFiles */,
			);
			buildRules = (
			);
			dependencies = (
			);
			name = CleanCodeSwift;
			productName = CleanCodeSwift;
			productReference = 7B7B66E2292E53EA00AFC53E /* CleanCodeSwift */;
			productType = "com.apple.product-type.tool";
		};
/* End PBXNativeTarget section */

/* Begin PBXProject section */
		7B7B66DA292E53EA00AFC53E /* Project object */ = {
			isa = PBXProject;
			attributes = {
				BuildIndependentTargetsInParallel = 1;
				LastSwiftUpdateCheck = 1410;
				LastUpgradeCheck = 1410;
				TargetAttributes = {
					7B7B66E1292E53EA00AFC53E = {
						CreatedOnToolsVersion = 14.1;
					};
				};
			};
			buildConfigurationList = 7B7B66DD292E53EA00AFC53E /* Build configuration list for PBXProject "CleanCodeSwift" */;
			compatibilityVersion = "Xcode 14.0";
			developmentRegion = en;
			hasScannedForEncodings = 0;
			knownRegions = (
				en,
				Base,
			);
			mainGroup = 7B7B66D9292E53EA00AFC53E;
			productRefGroup = 7B7B66E3292E53EA00AFC53E /* Products */;
			projectDirPath = "";
			projectRoot = "";
			targets = (
				7B7B66E1292E53EA00AFC53E /* CleanCodeSwift */,
			);
		};
/* End PBXProject section */

/* Begin PBXSourcesBuildPhase section */
		7B7B66DE292E53EA00AFC53E /* Sources */ = {
			isa = PBXSourcesBuildPhase;
			buildActionMask = 2147483647;
			files = (
				7B7B66E6292E53EA00AFC53E /* main.swift in Sources */,
				7B4148242935CCFE009382DC /* ObjectsData.swift in Sources */,
				7B7CB294292F676B005E5A0D /* Employee.swift in Sources */,
				7B7B66EE292E541300AFC53E /* Naming.swift in Sources */,
				7B7CB290292F497B005E5A0D /* Function.swift in Sources */,
			);
			runOnlyForDeploymentPostprocessing = 0;
		};
/* End PBXSourcesBuildPhase section */

/* Begin XCBuildConfiguration section */
		7B7B66E7292E53EA00AFC53E /* Debug */ = {
			isa = XCBuildConfiguration;
			buildSettings = {
				ALWAYS_SEARCH_USER_PATHS = NO;
				CLANG_ANALYZER_NONNULL = YES;
				CLANG_ANALYZER_NUMBER_OBJECT_CONVERSION = YES_AGGRESSIVE;
				CLANG_CXX_LANGUAGE_STANDARD = "gnu++20";
				CLANG_ENABLE_MODULES = YES;
				CLANG_ENABLE_OBJC_ARC = YES;
				CLANG_ENABLE_OBJC_WEAK = YES;
				CLANG_WARN_BLOCK_CAPTURE_AUTORELEASING = YES;
				CLANG_WARN_BOOL_CONVERSION = YES;
				CLANG_WARN_COMMA = YES;
				CLANG_WARN_CONSTANT_CONVERSION = YES;
				CLANG_WARN_DEPRECATED_OBJC_IMPLEMENTATIONS = YES;
				CLANG_WARN_DIRECT_OBJC_ISA_USAGE = YES_ERROR;
				CLANG_WARN_DOCUMENTATION_COMMENTS = YES;
				CLANG_WARN_EMPTY_BODY = YES;
				CLANG_WARN_ENUM_CONVERSION = YES;
				CLANG_WARN_INFINITE_RECURSION = YES;
				CLANG_WARN_INT_CONVERSION = YES;
				CLANG_WARN_NON_LITERAL_NULL_CONVERSION = YES;
				CLANG_WARN_OBJC_IMPLICIT_RETAIN_SELF = YES;
				CLANG_WARN_OBJC_LITERAL_CONVERSION = YES;
				CLANG_WARN_OBJC_ROOT_CLASS = YES_ERROR;
				CLANG_WARN_QUOTED_INCLUDE_IN_FRAMEWORK_HEADER = YES;
				CLANG_WARN_RANGE_LOOP_ANALYSIS = YES;
				CLANG_WARN_STRICT_PROTOTYPES = YES;
				CLANG_WARN_SUSPICIOUS_MOVE = YES;
				CLANG_WARN_UNGUARDED_AVAILABILITY = YES_AGGRESSIVE;
				CLANG_WARN_UNREACHABLE_CODE = YES;
				CLANG_WARN__DUPLICATE_METHOD_MATCH = YES;
				COPY_PHASE_STRIP = NO;
				DEBUG_INFORMATION_FORMAT = dwarf;
				ENABLE_STRICT_OBJC_MSGSEND = YES;
				ENABLE_TESTABILITY = YES;
				GCC_C_LANGUAGE_STANDARD = gnu11;
				GCC_DYNAMIC_NO_PIC = NO;
				GCC_NO_COMMON_BLOCKS = YES;
				GCC_OPTIMIZATION_LEVEL = 0;
				GCC_PREPROCESSOR_DEFINITIONS = (
					"DEBUG=1",
					"$(inherited)",
				);
				GCC_WARN_64_TO_32_BIT_CONVERSION = YES;
				GCC_WARN_ABOUT_RETURN_TYPE = YES_ERROR;
				GCC_WARN_UNDECLARED_SELECTOR = YES;
				GCC_WARN_UNINITIALIZED_AUTOS = YES_AGGRESSIVE;
				GCC_WARN_UNUSED_FUNCTION = YES;
				GCC_WARN_UNUSED_VARIABLE = YES;
				MACOSX_DEPLOYMENT_TARGET = 12.5;
				MTL_ENABLE_DEBUG_INFO = INCLUDE_SOURCE;
				MTL_FAST_MATH = YES;
				ONLY_ACTIVE_ARCH = YES;
				SDKROOT = macosx;
				SWIFT_ACTIVE_COMPILATION_CONDITIONS = DEBUG;
				SWIFT_OPTIMIZATION_LEVEL = "-Onone";
			};
			name = Debug;
		};
		7B7B66E8292E53EA00AFC53E /* Release */ = {
			isa = XCBuildConfiguration;
			buildSettings = {
				ALWAYS_SEARCH_USER_PATHS = NO;
				CLANG_ANALYZER_NONNULL = YES;
				CLANG_ANALYZER_NUMBER_OBJECT_CONVERSION = YES_AGGRESSIVE;
				CLANG_CXX_LANGUAGE_STANDARD = "gnu++20";
				CLANG_ENABLE_MODULES = YES;
				CLANG_ENABLE_OBJC_ARC = YES;
				CLANG_ENABLE_OBJC_WEAK = YES;
				CLANG_WARN_BLOCK_CAPTURE_AUTORELEASING = YES;
				CLANG_WARN_BOOL_CONVERSION = YES;
				CLANG_WARN_COMMA = YES;
				CLANG_WARN_CONSTANT_CONVERSION = YES;
				CLANG_WARN_DEPRECATED_OBJC_IMPLEMENTATIONS = YES;
				CLANG_WARN_DIRECT_OBJC_ISA_USAGE = YES_ERROR;
				CLANG_WARN_DOCUMENTATION_COMMENTS = YES;
				CLANG_WARN_EMPTY_BODY = YES;
				CLANG_WARN_ENUM_CONVERSION = YES;
				CLANG_WARN_INFINITE_RECURSION = YES;
				CLANG_WARN_INT_CONVERSION = YES;
				CLANG_WARN_NON_LITERAL_NULL_CONVERSION = YES;
				CLANG_WARN_OBJC_IMPLICIT_RETAIN_SELF = YES;
				CLANG_WARN_OBJC_LITERAL_CONVERSION = YES;
				CLANG_WARN_OBJC_ROOT_CLASS = YES_ERROR;
				CLANG_WARN_QUOTED_INCLUDE_IN_FRAMEWORK_HEADER = YES;
				CLANG_WARN_RANGE_LOOP_ANALYSIS = YES;
				CLANG_WARN_STRICT_PROTOTYPES = YES;
				CLANG_WARN_SUSPICIOUS_MOVE = YES;
				CLANG_WARN_UNGUARDED_AVAILABILITY = YES_AGGRESSIVE;
				CLANG_WARN_UNREACHABLE_CODE = YES;
				CLANG_WARN__DUPLICATE_METHOD_MATCH = YES;
				COPY_PHASE_STRIP = NO;
				DEBUG_INFORMATION_FORMAT = "dwarf-with-dsym";
				ENABLE_NS_ASSERTIONS = NO;
				ENABLE_STRICT_OBJC_MSGSEND = YES;
				GCC_C_LANGUAGE_STANDARD = gnu11;
				GCC_NO_COMMON_BLOCKS = YES;
				GCC_WARN_64_TO_32_BIT_CONVERSION = YES;
				GCC_WARN_ABOUT_RETURN_TYPE = YES_ERROR;
				GCC_WARN_UNDECLARED_SELECTOR = YES;
				GCC_WARN_UNINITIALIZED_AUTOS = YES_AGGRESSIVE;
				GCC_WARN_UNUSED_FUNCTION = YES;
				GCC_WARN_UNUSED_VARIABLE = YES;
				MACOSX_DEPLOYMENT_TARGET = 12.5;
				MTL_ENABLE_DEBUG_INFO = NO;
				MTL_FAST_MATH = YES;
				SDKROOT = macosx;
				SWIFT_COMPILATION_MODE = wholemodule;
				SWIFT_OPTIMIZATION_LEVEL = "-O";
			};
			name = Release;
		};
		7B7B66EA292E53EA00AFC53E /* Debug */ = {
			isa = XCBuildConfiguration;
			buildSettings = {
				CODE_SIGN_STYLE = Automatic;
				PRODUCT_NAME = "$(TARGET_NAME)";
				SWIFT_VERSION = 5.0;
			};
			name = Debug;
		};
		7B7B66EB292E53EA00AFC53E /* Release */ = {
			isa = XCBuildConfiguration;
			buildSettings = {
				CODE_SIGN_STYLE = Automatic;
				PRODUCT_NAME = "$(TARGET_NAME)";
				SWIFT_VERSION = 5.0;
			};
			name = Release;
		};
/* End XCBuildConfiguration section */

/* Begin XCConfigurationList section */
		7B7B66DD292E53EA00AFC53E /* Build configuration list for PBXProject "CleanCodeSwift" */ = {
			isa = XCConfigurationList;
			buildConfigurations = (
				7B7B66E7292E53EA00AFC53E /* Debug */,
				7B7B66E8292E53EA00AFC53E /* Release */,
			);
			defaultConfigurationIsVisible = 0;
			defaultConfigurationName = Release;
		};
		7B7B66E9292E53EA00AFC53E /* Build configuration list for PBXNativeTarget "CleanCodeSwift" */ = {
			isa = XCConfigurationList;
			buildConfigurations = (
				7B7B66EA292E53EA00AFC53E /* Debug */,
				7B7B66EB292E53EA00AFC53E /* Release */,
			);
			defaultConfigurationIsVisible = 0;
			defaultConfigurationName = Release;
		};
/* End XCConfigurationList section */
	};
	rootObject = 7B7B66DA292E53EA00AFC53E /* Project object */;
}
